
Microsoft Visual Studio Solution File, Format Version 12.00
# Visual Studio Version 17
VisualStudioVersion = 17.0.31903.59
MinimumVisualStudioVersion = 10.0.40219.1
Project("{2150E333-8FDC-42A3-9474-1A3956D46DE8}") = "src", "src", "{5F743387-8202-414A-A798-7E919775D02A}"
EndProject
Project("{FAE04EC0-301F-11D3-BF4B-00C04F79EFBC}") = "Hive.Api", "src\Hive.Api\Hive.Api.csproj", "{F799392F-6F61-4373-B835-7EBB9AACFC39}"
EndProject
Project("{FAE04EC0-301F-11D3-BF4B-00C04F79EFBC}") = "Hive.Functions", "src\Hive.Functions\Hive.Functions.csproj", "{D495F1CF-F656-4276-ABD4-57CCB8F89AE4}"
EndProject
Global
	GlobalSection(SolutionConfigurationPlatforms) = preSolution
		Debug|Any CPU = Debug|Any CPU
		Release|Any CPU = Release|Any CPU
	EndGlobalSection
	GlobalSection(SolutionProperties) = preSolution
		HideSolutionNode = FALSE
	EndGlobalSection
	GlobalSection(ProjectConfigurationPlatforms) = postSolution
		{F799392F-6F61-4373-B835-7EBB9AACFC39}.Debug|Any CPU.ActiveCfg = Debug|Any CPU
		{F799392F-6F61-4373-B835-7EBB9AACFC39}.Debug|Any CPU.Build.0 = Debug|Any CPU
		{F799392F-6F61-4373-B835-7EBB9AACFC39}.Release|Any CPU.ActiveCfg = Release|Any CPU
		{F799392F-6F61-4373-B835-7EBB9AACFC39}.Release|Any CPU.Build.0 = Release|Any CPU
		{D495F1CF-F656-4276-ABD4-57CCB8F89AE4}.Debug|Any CPU.ActiveCfg = Debug|Any CPU
		{D495F1CF-F656-4276-ABD4-57CCB8F89AE4}.Debug|Any CPU.Build.0 = Debug|Any CPU
		{D495F1CF-F656-4276-ABD4-57CCB8F89AE4}.Release|Any CPU.ActiveCfg = Release|Any CPU
		{D495F1CF-F656-4276-ABD4-57CCB8F89AE4}.Release|Any CPU.Build.0 = Release|Any CPU
	EndGlobalSection
	GlobalSection(NestedProjects) = preSolution
		{F799392F-6F61-4373-B835-7EBB9AACFC39} = {5F743387-8202-414A-A798-7E919775D02A}
		{D495F1CF-F656-4276-ABD4-57CCB8F89AE4} = {5F743387-8202-414A-A798-7E919775D02A}
	EndGlobalSection
EndGlobal
